
Microsoft Visual Studio Solution File, Format Version 12.00
# Visual Studio Version 17
VisualStudioVersion = 17.0.31903.59
MinimumVisualStudioVersion = 10.0.40219.1
Project("{2150E333-8FDC-42A3-9474-1A3956D46DE8}") = "src", "src", "{827E0CD3-B72D-47B6-A68D-7590B98EB39B}"
EndProject
Project("{FAE04EC0-301F-11D3-BF4B-00C04F79EFBC}") = "OpenGIS.Utils", "src\OpenGIS.Utils\OpenGIS.Utils.csproj", "{DD323E4F-00EB-4FA2-8AFC-FAF9CAA6CDFD}"
EndProject
Project("{2150E333-8FDC-42A3-9474-1A3956D46DE8}") = "tests", "tests", "{0AB3BF05-4346-4AA6-1389-037BE0695223}"
EndProject
Project("{FAE04EC0-301F-11D3-BF4B-00C04F79EFBC}") = "OpenGIS.Utils.Tests", "tests\OpenGIS.Utils.Tests\OpenGIS.Utils.Tests.csproj", "{E17B064F-E8B1-412A-AE0F-DEE92C4A7238}"
EndProject
Project("{2150E333-8FDC-42A3-9474-1A3956D46DE8}") = "samples", "samples", "{5D20AA90-6969-D8BD-9DCD-8634F4692FDA}"
EndProject
Project("{FAE04EC0-301F-11D3-BF4B-00C04F79EFBC}") = "OpenGIS.Utils.Samples", "samples\OpenGIS.Utils.Samples\OpenGIS.Utils.Samples.csproj", "{A369673F-379F-4F0C-909F-91CAF6A87A08}"
EndProject
Global
	GlobalSection(SolutionConfigurationPlatforms) = preSolution
		Debug|Any CPU = Debug|Any CPU
		Debug|x64 = Debug|x64
		Debug|x86 = Debug|x86
		Release|Any CPU = Release|Any CPU
		Release|x64 = Release|x64
		Release|x86 = Release|x86
	EndGlobalSection
	GlobalSection(ProjectConfigurationPlatforms) = postSolution
		{DD323E4F-00EB-4FA2-8AFC-FAF9CAA6CDFD}.Debug|Any CPU.ActiveCfg = Debug|Any CPU
		{DD323E4F-00EB-4FA2-8AFC-FAF9CAA6CDFD}.Debug|Any CPU.Build.0 = Debug|Any CPU
		{DD323E4F-00EB-4FA2-8AFC-FAF9CAA6CDFD}.Debug|x64.ActiveCfg = Debug|Any CPU
		{DD323E4F-00EB-4FA2-8AFC-FAF9CAA6CDFD}.Debug|x64.Build.0 = Debug|Any CPU
		{DD323E4F-00EB-4FA2-8AFC-FAF9CAA6CDFD}.Debug|x86.ActiveCfg = Debug|Any CPU
		{DD323E4F-00EB-4FA2-8AFC-FAF9CAA6CDFD}.Debug|x86.Build.0 = Debug|Any CPU
		{DD323E4F-00EB-4FA2-8AFC-FAF9CAA6CDFD}.Release|Any CPU.ActiveCfg = Release|Any CPU
		{DD323E4F-00EB-4FA2-8AFC-FAF9CAA6CDFD}.Release|Any CPU.Build.0 = Release|Any CPU
		{DD323E4F-00EB-4FA2-8AFC-FAF9CAA6CDFD}.Release|x64.ActiveCfg = Release|Any CPU
		{DD323E4F-00EB-4FA2-8AFC-FAF9CAA6CDFD}.Release|x64.Build.0 = Release|Any CPU
		{DD323E4F-00EB-4FA2-8AFC-FAF9CAA6CDFD}.Release|x86.ActiveCfg = Release|Any CPU
		{DD323E4F-00EB-4FA2-8AFC-FAF9CAA6CDFD}.Release|x86.Build.0 = Release|Any CPU
		{E17B064F-E8B1-412A-AE0F-DEE92C4A7238}.Debug|Any CPU.ActiveCfg = Debug|Any CPU
		{E17B064F-E8B1-412A-AE0F-DEE92C4A7238}.Debug|Any CPU.Build.0 = Debug|Any CPU
		{E17B064F-E8B1-412A-AE0F-DEE92C4A7238}.Debug|x64.ActiveCfg = Debug|Any CPU
		{E17B064F-E8B1-412A-AE0F-DEE92C4A7238}.Debug|x64.Build.0 = Debug|Any CPU
		{E17B064F-E8B1-412A-AE0F-DEE92C4A7238}.Debug|x86.ActiveCfg = Debug|Any CPU
		{E17B064F-E8B1-412A-AE0F-DEE92C4A7238}.Debug|x86.Build.0 = Debug|Any CPU
		{E17B064F-E8B1-412A-AE0F-DEE92C4A7238}.Release|Any CPU.ActiveCfg = Release|Any CPU
		{E17B064F-E8B1-412A-AE0F-DEE92C4A7238}.Release|Any CPU.Build.0 = Release|Any CPU
		{E17B064F-E8B1-412A-AE0F-DEE92C4A7238}.Release|x64.ActiveCfg = Release|Any CPU
		{E17B064F-E8B1-412A-AE0F-DEE92C4A7238}.Release|x64.Build.0 = Release|Any CPU
		{E17B064F-E8B1-412A-AE0F-DEE92C4A7238}.Release|x86.ActiveCfg = Release|Any CPU
		{E17B064F-E8B1-412A-AE0F-DEE92C4A7238}.Release|x86.Build.0 = Release|Any CPU
		{A369673F-379F-4F0C-909F-91CAF6A87A08}.Debug|Any CPU.ActiveCfg = Debug|Any CPU
		{A369673F-379F-4F0C-909F-91CAF6A87A08}.Debug|Any CPU.Build.0 = Debug|Any CPU
		{A369673F-379F-4F0C-909F-91CAF6A87A08}.Debug|x64.ActiveCfg = Debug|Any CPU
		{A369673F-379F-4F0C-909F-91CAF6A87A08}.Debug|x64.Build.0 = Debug|Any CPU
		{A369673F-379F-4F0C-909F-91CAF6A87A08}.Debug|x86.ActiveCfg = Debug|Any CPU
		{A369673F-379F-4F0C-909F-91CAF6A87A08}.Debug|x86.Build.0 = Debug|Any CPU
		{A369673F-379F-4F0C-909F-91CAF6A87A08}.Release|Any CPU.ActiveCfg = Release|Any CPU
		{A369673F-379F-4F0C-909F-91CAF6A87A08}.Release|Any CPU.Build.0 = Release|Any CPU
		{A369673F-379F-4F0C-909F-91CAF6A87A08}.Release|x64.ActiveCfg = Release|Any CPU
		{A369673F-379F-4F0C-909F-91CAF6A87A08}.Release|x64.Build.0 = Release|Any CPU
		{A369673F-379F-4F0C-909F-91CAF6A87A08}.Release|x86.ActiveCfg = Release|Any CPU
		{A369673F-379F-4F0C-909F-91CAF6A87A08}.Release|x86.Build.0 = Release|Any CPU
	EndGlobalSection
	GlobalSection(SolutionProperties) = preSolution
		HideSolutionNode = FALSE
	EndGlobalSection
	GlobalSection(NestedProjects) = preSolution
		{DD323E4F-00EB-4FA2-8AFC-FAF9CAA6CDFD} = {827E0CD3-B72D-47B6-A68D-7590B98EB39B}
		{E17B064F-E8B1-412A-AE0F-DEE92C4A7238} = {0AB3BF05-4346-4AA6-1389-037BE0695223}
		{A369673F-379F-4F0C-909F-91CAF6A87A08} = {5D20AA90-6969-D8BD-9DCD-8634F4692FDA}
	EndGlobalSection
EndGlobal
